
Microsoft Visual Studio Solution File, Format Version 12.00
# Visual Studio 15
VisualStudioVersion = 15.0.28307.489
MinimumVisualStudioVersion = 10.0.40219.1
Project("{FAE04EC0-301F-11D3-BF4B-00C04F79EFBC}") = "Radnik", "Radnik\Radnik.csproj", "{787AC0EC-56B8-4CD7-B420-A1564AB0518C}"
EndProject
Global
	GlobalSection(SolutionConfigurationPlatforms) = preSolution
		Debug|Any CPU = Debug|Any CPU
		Release|Any CPU = Release|Any CPU
	EndGlobalSection
	GlobalSection(ProjectConfigurationPlatforms) = postSolution
		{787AC0EC-56B8-4CD7-B420-A1564AB0518C}.Debug|Any CPU.ActiveCfg = Debug|Any CPU
		{787AC0EC-56B8-4CD7-B420-A1564AB0518C}.Debug|Any CPU.Build.0 = Debug|Any CPU
		{787AC0EC-56B8-4CD7-B420-A1564AB0518C}.Release|Any CPU.ActiveCfg = Release|Any CPU
		{787AC0EC-56B8-4CD7-B420-A1564AB0518C}.Release|Any CPU.Build.0 = Release|Any CPU
	EndGlobalSection
	GlobalSection(SolutionProperties) = preSolution
		HideSolutionNode = FALSE
	EndGlobalSection
	GlobalSection(ExtensibilityGlobals) = postSolution
		SolutionGuid = {8661F318-FC31-495A-9667-B6350BEB23F6}
	EndGlobalSection
EndGlobal
